
Microsoft Visual Studio Solution File, Format Version 12.00
# Visual Studio Version 16
VisualStudioVersion = 16.0.30114.105
MinimumVisualStudioVersion = 10.0.40219.1
Project("{FAE04EC0-301F-11D3-BF4B-00C04F79EFBC}") = "project.webapi", "project.webapi\project.webapi.csproj", "{99340F62-0A4D-4D31-8DBC-652D208DE918}"
EndProject
Project("{FAE04EC0-301F-11D3-BF4B-00C04F79EFBC}") = "project.test", "project.test\project.test.csproj", "{801652C3-C15F-4307-AD2D-D572A005A54F}"
EndProject
Global
	GlobalSection(SolutionConfigurationPlatforms) = preSolution
		Debug|Any CPU = Debug|Any CPU
		Release|Any CPU = Release|Any CPU
	EndGlobalSection
	GlobalSection(SolutionProperties) = preSolution
		HideSolutionNode = FALSE
	EndGlobalSection
	GlobalSection(ProjectConfigurationPlatforms) = postSolution
		{99340F62-0A4D-4D31-8DBC-652D208DE918}.Debug|Any CPU.ActiveCfg = Debug|Any CPU
		{99340F62-0A4D-4D31-8DBC-652D208DE918}.Debug|Any CPU.Build.0 = Debug|Any CPU
		{99340F62-0A4D-4D31-8DBC-652D208DE918}.Release|Any CPU.ActiveCfg = Release|Any CPU
		{99340F62-0A4D-4D31-8DBC-652D208DE918}.Release|Any CPU.Build.0 = Release|Any CPU
		{801652C3-C15F-4307-AD2D-D572A005A54F}.Debug|Any CPU.ActiveCfg = Debug|Any CPU
		{801652C3-C15F-4307-AD2D-D572A005A54F}.Debug|Any CPU.Build.0 = Debug|Any CPU
		{801652C3-C15F-4307-AD2D-D572A005A54F}.Release|Any CPU.ActiveCfg = Release|Any CPU
		{801652C3-C15F-4307-AD2D-D572A005A54F}.Release|Any CPU.Build.0 = Release|Any CPU
	EndGlobalSection
EndGlobal
